
Microsoft Visual Studio Solution File, Format Version 12.00
# Visual Studio Version 16
VisualStudioVersion = 16.0.31025.194
MinimumVisualStudioVersion = 10.0.40219.1
Project("{FAE04EC0-301F-11D3-BF4B-00C04F79EFBC}") = "CitySpace.Droid", "CitySpace.Droid\CitySpace.Droid.csproj", "{B86E5CBC-1745-4481-AAF0-8B4C9411CB5D}"
EndProject
Project("{9A19103F-16F7-4668-BE54-9A1E7A4F7556}") = "CitySpace.Core", "CitySpace.Core\CitySpace.Core.csproj", "{E8CAC74A-B084-436C-8DAF-50C639DA490C}"
EndProject
Project("{FAE04EC0-301F-11D3-BF4B-00C04F79EFBC}") = "CitySpace.iOS", "CitySpace.iOS\CitySpace.iOS.csproj", "{9F649F0F-E5E4-4A40-B292-80A73EE88D01}"
EndProject
Project("{FAE04EC0-301F-11D3-BF4B-00C04F79EFBC}") = "CitySpace.Tests", "CitySpace.Tests\CitySpace.Tests.csproj", "{8B6E43D8-D651-4C9C-B097-8001C39999A4}"
EndProject
Global
	GlobalSection(SolutionConfigurationPlatforms) = preSolution
		Debug|Any CPU = Debug|Any CPU
		Debug|iPhone = Debug|iPhone
		Debug|iPhoneSimulator = Debug|iPhoneSimulator
		Release|Any CPU = Release|Any CPU
		Release|iPhone = Release|iPhone
		Release|iPhoneSimulator = Release|iPhoneSimulator
	EndGlobalSection
	GlobalSection(ProjectConfigurationPlatforms) = postSolution
		{B86E5CBC-1745-4481-AAF0-8B4C9411CB5D}.Debug|Any CPU.ActiveCfg = Debug|Any CPU
		{B86E5CBC-1745-4481-AAF0-8B4C9411CB5D}.Debug|Any CPU.Build.0 = Debug|Any CPU
		{B86E5CBC-1745-4481-AAF0-8B4C9411CB5D}.Debug|Any CPU.Deploy.0 = Debug|Any CPU
		{B86E5CBC-1745-4481-AAF0-8B4C9411CB5D}.Debug|iPhone.ActiveCfg = Debug|Any CPU
		{B86E5CBC-1745-4481-AAF0-8B4C9411CB5D}.Debug|iPhone.Build.0 = Debug|Any CPU
		{B86E5CBC-1745-4481-AAF0-8B4C9411CB5D}.Debug|iPhoneSimulator.ActiveCfg = Debug|Any CPU
		{B86E5CBC-1745-4481-AAF0-8B4C9411CB5D}.Debug|iPhoneSimulator.Build.0 = Debug|Any CPU
		{B86E5CBC-1745-4481-AAF0-8B4C9411CB5D}.Release|Any CPU.ActiveCfg = Release|Any CPU
		{B86E5CBC-1745-4481-AAF0-8B4C9411CB5D}.Release|Any CPU.Build.0 = Release|Any CPU
		{B86E5CBC-1745-4481-AAF0-8B4C9411CB5D}.Release|Any CPU.Deploy.0 = Release|Any CPU
		{B86E5CBC-1745-4481-AAF0-8B4C9411CB5D}.Release|iPhone.ActiveCfg = Release|Any CPU
		{B86E5CBC-1745-4481-AAF0-8B4C9411CB5D}.Release|iPhone.Build.0 = Release|Any CPU
		{B86E5CBC-1745-4481-AAF0-8B4C9411CB5D}.Release|iPhoneSimulator.ActiveCfg = Release|Any CPU
		{B86E5CBC-1745-4481-AAF0-8B4C9411CB5D}.Release|iPhoneSimulator.Build.0 = Release|Any CPU
		{E8CAC74A-B084-436C-8DAF-50C639DA490C}.Debug|Any CPU.ActiveCfg = Debug|Any CPU
		{E8CAC74A-B084-436C-8DAF-50C639DA490C}.Debug|Any CPU.Build.0 = Debug|Any CPU
		{E8CAC74A-B084-436C-8DAF-50C639DA490C}.Debug|iPhone.ActiveCfg = Debug|Any CPU
		{E8CAC74A-B084-436C-8DAF-50C639DA490C}.Debug|iPhone.Build.0 = Debug|Any CPU
		{E8CAC74A-B084-436C-8DAF-50C639DA490C}.Debug|iPhoneSimulator.ActiveCfg = Debug|Any CPU
		{E8CAC74A-B084-436C-8DAF-50C639DA490C}.Debug|iPhoneSimulator.Build.0 = Debug|Any CPU
		{E8CAC74A-B084-436C-8DAF-50C639DA490C}.Release|Any CPU.ActiveCfg = Release|Any CPU
		{E8CAC74A-B084-436C-8DAF-50C639DA490C}.Release|Any CPU.Build.0 = Release|Any CPU
		{E8CAC74A-B084-436C-8DAF-50C639DA490C}.Release|iPhone.ActiveCfg = Release|Any CPU
		{E8CAC74A-B084-436C-8DAF-50C639DA490C}.Release|iPhone.Build.0 = Release|Any CPU
		{E8CAC74A-B084-436C-8DAF-50C639DA490C}.Release|iPhoneSimulator.ActiveCfg = Release|Any CPU
		{E8CAC74A-B084-436C-8DAF-50C639DA490C}.Release|iPhoneSimulator.Build.0 = Release|Any CPU
		{9F649F0F-E5E4-4A40-B292-80A73EE88D01}.Debug|Any CPU.ActiveCfg = Debug|iPhoneSimulator
		{9F649F0F-E5E4-4A40-B292-80A73EE88D01}.Debug|Any CPU.Build.0 = Debug|iPhoneSimulator
		{9F649F0F-E5E4-4A40-B292-80A73EE88D01}.Debug|iPhone.ActiveCfg = Debug|iPhone
		{9F649F0F-E5E4-4A40-B292-80A73EE88D01}.Debug|iPhone.Build.0 = Debug|iPhone
		{9F649F0F-E5E4-4A40-B292-80A73EE88D01}.Debug|iPhoneSimulator.ActiveCfg = Debug|iPhoneSimulator
		{9F649F0F-E5E4-4A40-B292-80A73EE88D01}.Debug|iPhoneSimulator.Build.0 = Debug|iPhoneSimulator
		{9F649F0F-E5E4-4A40-B292-80A73EE88D01}.Release|Any CPU.ActiveCfg = Release|iPhone
		{9F649F0F-E5E4-4A40-B292-80A73EE88D01}.Release|Any CPU.Build.0 = Release|iPhone
		{9F649F0F-E5E4-4A40-B292-80A73EE88D01}.Release|iPhone.ActiveCfg = Release|iPhone
		{9F649F0F-E5E4-4A40-B292-80A73EE88D01}.Release|iPhone.Build.0 = Release|iPhone
		{9F649F0F-E5E4-4A40-B292-80A73EE88D01}.Release|iPhoneSimulator.ActiveCfg = Release|iPhoneSimulator
		{9F649F0F-E5E4-4A40-B292-80A73EE88D01}.Release|iPhoneSimulator.Build.0 = Release|iPhoneSimulator
		{8B6E43D8-D651-4C9C-B097-8001C39999A4}.Debug|Any CPU.ActiveCfg = Debug|Any CPU
		{8B6E43D8-D651-4C9C-B097-8001C39999A4}.Debug|Any CPU.Build.0 = Debug|Any CPU
		{8B6E43D8-D651-4C9C-B097-8001C39999A4}.Debug|iPhone.ActiveCfg = Debug|Any CPU
		{8B6E43D8-D651-4C9C-B097-8001C39999A4}.Debug|iPhone.Build.0 = Debug|Any CPU
		{8B6E43D8-D651-4C9C-B097-8001C39999A4}.Debug|iPhoneSimulator.ActiveCfg = Debug|Any CPU
		{8B6E43D8-D651-4C9C-B097-8001C39999A4}.Debug|iPhoneSimulator.Build.0 = Debug|Any CPU
		{8B6E43D8-D651-4C9C-B097-8001C39999A4}.Release|Any CPU.ActiveCfg = Release|Any CPU
		{8B6E43D8-D651-4C9C-B097-8001C39999A4}.Release|Any CPU.Build.0 = Release|Any CPU
		{8B6E43D8-D651-4C9C-B097-8001C39999A4}.Release|iPhone.ActiveCfg = Release|Any CPU
		{8B6E43D8-D651-4C9C-B097-8001C39999A4}.Release|iPhone.Build.0 = Release|Any CPU
		{8B6E43D8-D651-4C9C-B097-8001C39999A4}.Release|iPhoneSimulator.ActiveCfg = Release|Any CPU
		{8B6E43D8-D651-4C9C-B097-8001C39999A4}.Release|iPhoneSimulator.Build.0 = Release|Any CPU
	EndGlobalSection
	GlobalSection(SolutionProperties) = preSolution
		HideSolutionNode = FALSE
	EndGlobalSection
	GlobalSection(ExtensibilityGlobals) = postSolution
		SolutionGuid = {E1C6D501-70F9-4A54-A995-F3B186BEA1F6}
	EndGlobalSection
EndGlobal
